
Microsoft Visual Studio Solution File, Format Version 12.00
# Visual Studio Version 16
VisualStudioVersion = 16.0.28803.202
MinimumVisualStudioVersion = 10.0.40219.1
Project("{FAE04EC0-301F-11D3-BF4B-00C04F79EFBC}") = "AutoGenerateCode", "AutoGenerateCode\AutoGenerateCode.csproj", "{BD9097AE-7FE1-46F0-AA14-8EAE59DAA049}"
EndProject
Global
	GlobalSection(SolutionConfigurationPlatforms) = preSolution
		Debug|Any CPU = Debug|Any CPU
		Release|Any CPU = Release|Any CPU
	EndGlobalSection
	GlobalSection(ProjectConfigurationPlatforms) = postSolution
		{BD9097AE-7FE1-46F0-AA14-8EAE59DAA049}.Debug|Any CPU.ActiveCfg = Debug|Any CPU
		{BD9097AE-7FE1-46F0-AA14-8EAE59DAA049}.Debug|Any CPU.Build.0 = Debug|Any CPU
		{BD9097AE-7FE1-46F0-AA14-8EAE59DAA049}.Release|Any CPU.ActiveCfg = Release|Any CPU
		{BD9097AE-7FE1-46F0-AA14-8EAE59DAA049}.Release|Any CPU.Build.0 = Release|Any CPU
	EndGlobalSection
	GlobalSection(SolutionProperties) = preSolution
		HideSolutionNode = FALSE
	EndGlobalSection
	GlobalSection(ExtensibilityGlobals) = postSolution
		SolutionGuid = {084C274F-BEC5-40C9-BCC5-D6439391E854}
	EndGlobalSection
EndGlobal
